
Microsoft Visual Studio Solution File, Format Version 12.00
# Visual Studio Version 17
VisualStudioVersion = 17.4.33213.308
MinimumVisualStudioVersion = 10.0.40219.1
Project("{9A19103F-16F7-4668-BE54-9A1E7A4F7556}") = "BlazorDemo.Server", "BlazorDemo\BlazorDemo.Server.csproj", "{E8A0469E-1BD2-4AFE-85A0-DBE50BE719C0}"
EndProject
Project("{9A19103F-16F7-4668-BE54-9A1E7A4F7556}") = "BlazorDemo.Backend", "BlazorDemo.Backend\BlazorDemo.Backend.csproj", "{4E8AB3A7-7350-496F-9BF8-F8BDF4C5E7FC}"
EndProject
Project("{FAE04EC0-301F-11D3-BF4B-00C04F79EFBC}") = "BlazorDemo.WebAssembly.Server", "BlazorDemo.WebAssembly\Server\BlazorDemo.WebAssembly.Server.csproj", "{F0148178-6163-4EE6-89A5-B81988D0C84C}"
EndProject
Project("{FAE04EC0-301F-11D3-BF4B-00C04F79EFBC}") = "BlazorDemo.WebAssembly.Client", "BlazorDemo.WebAssembly\Client\BlazorDemo.WebAssembly.Client.csproj", "{AFC65830-F795-4E36-8C97-A24D17D5252B}"
EndProject
Global
	GlobalSection(SolutionConfigurationPlatforms) = preSolution
		Debug|Any CPU = Debug|Any CPU
		Release|Any CPU = Release|Any CPU
	EndGlobalSection
	GlobalSection(ProjectConfigurationPlatforms) = postSolution
		{E8A0469E-1BD2-4AFE-85A0-DBE50BE719C0}.Debug|Any CPU.ActiveCfg = Debug|Any CPU
		{E8A0469E-1BD2-4AFE-85A0-DBE50BE719C0}.Debug|Any CPU.Build.0 = Debug|Any CPU
		{E8A0469E-1BD2-4AFE-85A0-DBE50BE719C0}.Release|Any CPU.ActiveCfg = Release|Any CPU
		{E8A0469E-1BD2-4AFE-85A0-DBE50BE719C0}.Release|Any CPU.Build.0 = Release|Any CPU
		{4E8AB3A7-7350-496F-9BF8-F8BDF4C5E7FC}.Debug|Any CPU.ActiveCfg = Debug|Any CPU
		{4E8AB3A7-7350-496F-9BF8-F8BDF4C5E7FC}.Debug|Any CPU.Build.0 = Debug|Any CPU
		{4E8AB3A7-7350-496F-9BF8-F8BDF4C5E7FC}.Release|Any CPU.ActiveCfg = Release|Any CPU
		{4E8AB3A7-7350-496F-9BF8-F8BDF4C5E7FC}.Release|Any CPU.Build.0 = Release|Any CPU
		{F0148178-6163-4EE6-89A5-B81988D0C84C}.Debug|Any CPU.ActiveCfg = Debug|Any CPU
		{F0148178-6163-4EE6-89A5-B81988D0C84C}.Debug|Any CPU.Build.0 = Debug|Any CPU
		{F0148178-6163-4EE6-89A5-B81988D0C84C}.Release|Any CPU.ActiveCfg = Release|Any CPU
		{F0148178-6163-4EE6-89A5-B81988D0C84C}.Release|Any CPU.Build.0 = Release|Any CPU
		{AFC65830-F795-4E36-8C97-A24D17D5252B}.Debug|Any CPU.ActiveCfg = Debug|Any CPU
		{AFC65830-F795-4E36-8C97-A24D17D5252B}.Debug|Any CPU.Build.0 = Debug|Any CPU
		{AFC65830-F795-4E36-8C97-A24D17D5252B}.Release|Any CPU.ActiveCfg = Release|Any CPU
		{AFC65830-F795-4E36-8C97-A24D17D5252B}.Release|Any CPU.Build.0 = Release|Any CPU
	EndGlobalSection
	GlobalSection(SolutionProperties) = preSolution
		HideSolutionNode = FALSE
	EndGlobalSection
	GlobalSection(ExtensibilityGlobals) = postSolution
		SolutionGuid = {0D31FAA0-3A87-4EEE-8ACA-AD5B7EE7E24F}
	EndGlobalSection
EndGlobal
